{
  "name": "fen-web",
  "version": "0.0.0",
  "lockfileVersion": 3,
  "requires": true,
  "packages": {
    "": {
      "name": "fen-web",
      "version": "0.0.0",
      "workspaces": [
        "packages/*",
        "apps/*"
      ],
      "devDependencies": {
        "typescript": "^5.6.3"
      },
      "engines": {
        "node": ">=22"
      }
    },
    "apps/demo": {
      "name": "@fen-web/demo",
      "version": "0.0.0"
    },
    "node_modules/@fen-web/bindings": {
      "resolved": "packages/bindings",
      "link": true
    },
    "node_modules/@fen-web/demo": {
      "resolved": "apps/demo",
      "link": true
    },
    "node_modules/@fen-web/integration": {
      "resolved": "packages/integration",
      "link": true
    },
    "node_modules/@fen-web/platform": {
      "resolved": "packages/platform",
      "link": true
    },
    "node_modules/@fen-web/runtime": {
      "resolved": "packages/runtime",
      "link": true
    },
    "node_modules/@types/emscripten": {
      "version": "1.39.10",
      "resolved": "https://registry.npmjs.org/@types/emscripten/-/emscripten-1.39.10.tgz",
      "integrity": "sha512-TB/6hBkYQJxsZHSqyeuO1Jt0AB/bW6G7rHt9g7lML7SOF6lbgcHvw/Lr+69iqN0qxgXLhWKScAon73JNnptuDw==",
      "license": "MIT"
    },
    "node_modules/@types/node": {
      "version": "22.20.1",
      "resolved": "https://registry.npmjs.org/@types/node/-/node-22.20.1.tgz",
      "integrity": "sha512-EANqOCF9QFyra+4pfxUcX9STKJpCLjMbObVzljIJomAWSnuSIEAvyzEU53GaajbXJEgdh0iEcPL+DGvpUd4k1Q==",
      "dev": true,
      "license": "MIT",
      "dependencies": {
        "undici-types": "~6.21.0"
      }
    },
    "node_modules/typescript": {
      "version": "5.9.3",
      "resolved": "https://registry.npmjs.org/typescript/-/typescript-5.9.3.tgz",
      "integrity": "sha512-jl1vZzPDinLr9eUt3J/t7V6FgNEw9QjvBPdysz9KfQDD41fQrC2Y4vKQdiaUpFT4bXlb1RHhLpp8wtm6M5TgSw==",
      "dev": true,
      "license": "Apache-2.0",
      "bin": {
        "tsc": "bin/tsc",
        "tsserver": "bin/tsserver"
      },
      "engines": {
        "node": ">=14.17"
      }
    },
    "node_modules/undici-types": {
      "version": "6.21.0",
      "resolved": "https://registry.npmjs.org/undici-types/-/undici-types-6.21.0.tgz",
      "integrity": "sha512-iwDZqg0QAGrg9Rav5H4n0M64c3mkR59cJ6wQp+7C4nI0gsmExaedaYLNO44eT4AtBBwjbTiGPMlt2Md0T9H9JQ==",
      "dev": true,
      "license": "MIT"
    },
    "node_modules/wasmoon": {
      "version": "1.16.0",
      "resolved": "https://registry.npmjs.org/wasmoon/-/wasmoon-1.16.0.tgz",
      "integrity": "sha512-FlRLb15WwAOz1A9OQDbf6oOKKSiefi5VK0ZRF2wgH9xk3o5SnU11tNPaOnQuAh1Ucr66cwwvVXaeVRaFdRBt5g==",
      "license": "MIT",
      "dependencies": {
        "@types/emscripten": "1.39.10"
      },
      "bin": {
        "wasmoon": "bin/wasmoon"
      }
    },
    "packages/bindings": {
      "name": "@fen-web/bindings",
      "version": "0.0.0",
      "devDependencies": {
        "@types/node": "^22.9.0",
        "typescript": "^5.6.3"
      }
    },
    "packages/integration": {
      "name": "@fen-web/integration",
      "version": "0.0.0",
      "dependencies": {
        "@fen-web/bindings": "*",
        "@fen-web/runtime": "*"
      },
      "devDependencies": {
        "@types/node": "^22.9.0",
        "typescript": "^5.6.3"
      }
    },
    "packages/platform": {
      "name": "@fen-web/platform",
      "version": "0.0.0"
    },
    "packages/runtime": {
      "name": "@fen-web/runtime",
      "version": "0.0.0",
      "dependencies": {
        "wasmoon": "^1.16.0"
      },
      "devDependencies": {
        "typescript": "^5.6.3"
      }
    }
  }
}
